// !$*UTF8*$!
{
	archiveVersion = 1;
	classes = {
	};
	objectVersion = 46;
	objects = {

/* Begin PBXBuildFile section */
		14EC6D9517884A9700FBA698 /* main.cpp in Sources */ = {isa = PBXBuildFile; fileRef = 14EC6D9417884A9700FBA698 /* main.cpp */; };
		14EC6D9717884A9700FBA698 /* RequestAndUpdate.1 in CopyFiles */ = {isa = PBXBuildFile; fileRef = 14EC6D9617884A9700FBA698 /* RequestAndUpdate.1 */; };
/* End PBXBuildFile section */

/* Begin PBXCopyFilesBuildPhase section */
		14EC6D8F17884A9700FBA698 /* CopyFiles */ = {
			isa = PBXCopyFilesBuildPhase;
			buildActionMask = 2147483647;
			dstPath = /usr/share/man/man1/;
			dstSubfolderSpec = 0;
			files = (
				14EC6D9717884A9700FBA698 /* RequestAndUpdate.1 in CopyFiles */,
			);
			runOnlyForDeploymentPostprocessing = 1;
		};
/* End PBXCopyFilesBuildPhase section */

/* Begin PBXFileReference section */
		14EC6D9117884A9700FBA698 /* RequestAndUpdate */ = {isa = PBXFileReference; explicitFileType = "compiled.mach-o.executable"; includeInIndex = 0; path = RequestAndUpdate; sourceTree = BUILT_PRODUCTS_DIR; };
		14EC6D9417884A9700FBA698 /* main.cpp */ = {isa = PBXFileReference; lastKnownFileType = sourcecode.cpp.cpp; path = main.cpp; sourceTree = "<group>"; };
		14EC6D9617884A9700FBA698 /* RequestAndUpdate.1 */ = {isa = PBXFileReference; lastKnownFileType = text.man; path = RequestAndUpdate.1; sourceTree = "<group>"; };
/* End PBXFileReference section */

/* Begin PBXFrameworksBuildPhase section */
		14EC6D8E17884A9700FBA698 /* Frameworks */ = {
			isa = PBXFrameworksBuildPhase;
			buildActionMask = 2147483647;
			files = (
			);
			runOnlyForDeploymentPostprocessing = 0;
		};
/* End PBXFrameworksBuildPhase section */

/* Begin PBXGroup section */
		14EC6D8817884A9700FBA698 = {
			isa = PBXGroup;
			children = (
				14EC6D9317884A9700FBA698 /* RequestAndUpdate */,
				14EC6D9217884A9700FBA698 /* Products */,
			);
			sourceTree = "<group>";
		};
		14EC6D9217884A9700FBA698 /* Products */ = {
			isa = PBXGroup;
			children = (
				14EC6D9117884A9700FBA698 /* RequestAndUpdate */,
			);
			name = Products;
			sourceTree = "<group>";
		};
		14EC6D9317884A9700FBA698 /* RequestAndUpdate */ = {
			isa = PBXGroup;
			children = (
				14EC6D9417884A9700FBA698 /* main.cpp */,
				14EC6D9617884A9700FBA698 /* RequestAndUpdate.1 */,
			);
			path = RequestAndUpdate;
			sourceTree = "<group>";
		};
/* End PBXGroup section */

/* Begin PBXNativeTarget section */
		14EC6D9017884A9700FBA698 /* RequestAndUpdate */ = {
			isa = PBXNativeTarget;
			buildConfigurationList = 14EC6D9A17884A9700FBA698 /* Build configuration list for PBXNativeTarget "RequestAndUpdate" */;
			buildPhases = (
				14EC6D8D17884A9700FBA698 /* Sources */,
				14EC6D8E17884A9700FBA698 /* Frameworks */,
				14EC6D8F17884A9700FBA698 /* CopyFiles */,
			);
			buildRules = (
			);
			dependencies = (
			);
			name = RequestAndUpdate;
			productName = RequestAndUpdate;
			productReference = 14EC6D9117884A9700FBA698 /* RequestAndUpdate */;
			productType = "com.apple.product-type.tool";
		};
/* End PBXNativeTarget section */

/* Begin PBXProject section */
		14EC6D8917884A9700FBA698 /* Project object */ = {
			isa = PBXProject;
			attributes = {
				LastUpgradeCheck = 0460;
				ORGANIZATIONNAME = nilfs;
			};
			buildConfigurationList = 14EC6D8C17884A9700FBA698 /* Build configuration list for PBXProject "RequestAndUpdate" */;
			compatibilityVersion = "Xcode 3.2";
			developmentRegion = English;
			hasScannedForEncodings = 0;
			knownRegions = (
				en,
			);
			mainGroup = 14EC6D8817884A9700FBA698;
			productRefGroup = 14EC6D9217884A9700FBA698 /* Products */;
			projectDirPath = "";
			projectRoot = "";
			targets = (
				14EC6D9017884A9700FBA698 /* RequestAndUpdate */,
			);
		};
/* End PBXProject section */

/* Begin PBXSourcesBuildPhase section */
		14EC6D8D17884A9700FBA698 /* Sources */ = {
			isa = PBXSourcesBuildPhase;
			buildActionMask = 2147483647;
			files = (
				14EC6D9517884A9700FBA698 /* main.cpp in Sources */,
			);
			runOnlyForDeploymentPostprocessing = 0;
		};
/* End PBXSourcesBuildPhase section */

/* Begin XCBuildConfiguration section */
		14EC6D9817884A9700FBA698 /* Debug */ = {
			isa = XCBuildConfiguration;
			buildSettings = {
				ALWAYS_SEARCH_USER_PATHS = NO;
				ARCHS = "$(ARCHS_STANDARD_64_BIT)";
				CLANG_CXX_LANGUAGE_STANDARD = "gnu++0x";
				CLANG_CXX_LIBRARY = "libc++";
				CLANG_WARN_CONSTANT_CONVERSION = YES;
				CLANG_WARN_EMPTY_BODY = YES;
				CLANG_WARN_ENUM_CONVERSION = YES;
				CLANG_WARN_INT_CONVERSION = YES;
				CLANG_WARN__DUPLICATE_METHOD_MATCH = YES;
				COPY_PHASE_STRIP = NO;
				GCC_C_LANGUAGE_STANDARD = gnu99;
				GCC_DYNAMIC_NO_PIC = NO;
				GCC_ENABLE_OBJC_EXCEPTIONS = YES;
				GCC_OPTIMIZATION_LEVEL = 0;
				GCC_PREPROCESSOR_DEFINITIONS = (
					"DEBUG=1",
					"$(inherited)",
				);
				GCC_SYMBOLS_PRIVATE_EXTERN = NO;
				GCC_WARN_64_TO_32_BIT_CONVERSION = YES;
				GCC_WARN_ABOUT_RETURN_TYPE = YES;
				GCC_WARN_UNINITIALIZED_AUTOS = YES;
				GCC_WARN_UNUSED_VARIABLE = YES;
				MACOSX_DEPLOYMENT_TARGET = 10.7;
				ONLY_ACTIVE_ARCH = YES;
				SDKROOT = macosx;
			};
			name = Debug;
		};
		14EC6D9917884A9700FBA698 /* Release */ = {
			isa = XCBuildConfiguration;
			buildSettings = {
				ALWAYS_SEARCH_USER_PATHS = NO;
				ARCHS = "$(ARCHS_STANDARD_64_BIT)";
				CLANG_CXX_LANGUAGE_STANDARD = "gnu++0x";
				CLANG_CXX_LIBRARY = "libc++";
				CLANG_WARN_CONSTANT_CONVERSION = YES;
				CLANG_WARN_EMPTY_BODY = YES;
				CLANG_WARN_ENUM_CONVERSION = YES;
				CLANG_WARN_INT_CONVERSION = YES;
				CLANG_WARN__DUPLICATE_METHOD_MATCH = YES;
				COPY_PHASE_STRIP = YES;
				DEBUG_INFORMATION_FORMAT = "dwarf-with-dsym";
				GCC_C_LANGUAGE_STANDARD = gnu99;
				GCC_ENABLE_OBJC_EXCEPTIONS = YES;
				GCC_WARN_64_TO_32_BIT_CONVERSION = YES;
				GCC_WARN_ABOUT_RETURN_TYPE = YES;
				GCC_WARN_UNINITIALIZED_AUTOS = YES;
				GCC_WARN_UNUSED_VARIABLE = YES;
				MACOSX_DEPLOYMENT_TARGET = 10.7;
				SDKROOT = macosx;
			};
			name = Release;
		};
		14EC6D9B17884A9700FBA698 /* Debug */ = {
			isa = XCBuildConfiguration;
			buildSettings = {
				PRODUCT_NAME = "$(TARGET_NAME)";
			};
			name = Debug;
		};
		14EC6D9C17884A9700FBA698 /* Release */ = {
			isa = XCBuildConfiguration;
			buildSettings = {
				PRODUCT_NAME = "$(TARGET_NAME)";
			};
			name = Release;
		};
/* End XCBuildConfiguration section */

/* Begin XCConfigurationList section */
		14EC6D8C17884A9700FBA698 /* Build configuration list for PBXProject "RequestAndUpdate" */ = {
			isa = XCConfigurationList;
			buildConfigurations = (
				14EC6D9817884A9700FBA698 /* Debug */,
				14EC6D9917884A9700FBA698 /* Release */,
			);
			defaultConfigurationIsVisible = 0;
			defaultConfigurationName = Release;
		};
		14EC6D9A17884A9700FBA698 /* Build configuration list for PBXNativeTarget "RequestAndUpdate" */ = {
			isa = XCConfigurationList;
			buildConfigurations = (
				14EC6D9B17884A9700FBA698 /* Debug */,
				14EC6D9C17884A9700FBA698 /* Release */,
			);
			defaultConfigurationIsVisible = 0;
		};
/* End XCConfigurationList section */
	};
	rootObject = 14EC6D8917884A9700FBA698 /* Project object */;
}
